
Microsoft Visual Studio Solution File, Format Version 12.00
# Visual Studio 15
VisualStudioVersion = 15.0.26730.10
MinimumVisualStudioVersion = 10.0.40219.1
Project("{8BC9CEB8-8B4A-11D0-8D11-00A0C91BC942}") = "Interconnect_0.0", "Interconnect_0.0\Interconnect_0.0.vcxproj", "{EA52C565-9366-48B7-9E43-97D1794B992A}"
EndProject
Global
	GlobalSection(SolutionConfigurationPlatforms) = preSolution
		Debug|x64 = Debug|x64
		Debug|x86 = Debug|x86
		Release|x64 = Release|x64
		Release|x86 = Release|x86
	EndGlobalSection
	GlobalSection(ProjectConfigurationPlatforms) = postSolution
		{EA52C565-9366-48B7-9E43-97D1794B992A}.Debug|x64.ActiveCfg = Debug|x64
		{EA52C565-9366-48B7-9E43-97D1794B992A}.Debug|x64.Build.0 = Debug|x64
		{EA52C565-9366-48B7-9E43-97D1794B992A}.Debug|x86.ActiveCfg = Debug|Win32
		{EA52C565-9366-48B7-9E43-97D1794B992A}.Debug|x86.Build.0 = Debug|Win32
		{EA52C565-9366-48B7-9E43-97D1794B992A}.Release|x64.ActiveCfg = Release|x64
		{EA52C565-9366-48B7-9E43-97D1794B992A}.Release|x64.Build.0 = Release|x64
		{EA52C565-9366-48B7-9E43-97D1794B992A}.Release|x86.ActiveCfg = Release|Win32
		{EA52C565-9366-48B7-9E43-97D1794B992A}.Release|x86.Build.0 = Release|Win32
	EndGlobalSection
	GlobalSection(SolutionProperties) = preSolution
		HideSolutionNode = FALSE
	EndGlobalSection
	GlobalSection(ExtensibilityGlobals) = postSolution
		SolutionGuid = {6E28BD4C-2540-425E-86CC-EDC9B71E32F5}
	EndGlobalSection
EndGlobal
